
Microsoft Visual Studio Solution File, Format Version 12.00
# Visual Studio 14
VisualStudioVersion = 14.0.25123.0
MinimumVisualStudioVersion = 10.0.40219.1
Project("{FAE04EC0-301F-11D3-BF4B-00C04F79EFBC}") = "Metaquotes.Geo", "Metaquotes.Geo\Metaquotes.Geo.csproj", "{DDCFDC61-0BB4-4CEB-B54C-2A84369D6FAC}"
EndProject
Project("{FAE04EC0-301F-11D3-BF4B-00C04F79EFBC}") = "Metaquotes.Geo.ConsoleTest", "Metaquotes.Geo.ConsoleTest\Metaquotes.Geo.ConsoleTest.csproj", "{D9182906-84E6-4B43-A63D-DA59D2B781E4}"
EndProject
Global
	GlobalSection(SolutionConfigurationPlatforms) = preSolution
		Debug|Any CPU = Debug|Any CPU
		Release|Any CPU = Release|Any CPU
	EndGlobalSection
	GlobalSection(ProjectConfigurationPlatforms) = postSolution
		{DDCFDC61-0BB4-4CEB-B54C-2A84369D6FAC}.Debug|Any CPU.ActiveCfg = Debug|Any CPU
		{DDCFDC61-0BB4-4CEB-B54C-2A84369D6FAC}.Debug|Any CPU.Build.0 = Debug|Any CPU
		{DDCFDC61-0BB4-4CEB-B54C-2A84369D6FAC}.Release|Any CPU.ActiveCfg = Release|Any CPU
		{DDCFDC61-0BB4-4CEB-B54C-2A84369D6FAC}.Release|Any CPU.Build.0 = Release|Any CPU
		{D9182906-84E6-4B43-A63D-DA59D2B781E4}.Debug|Any CPU.ActiveCfg = Debug|Any CPU
		{D9182906-84E6-4B43-A63D-DA59D2B781E4}.Debug|Any CPU.Build.0 = Debug|Any CPU
		{D9182906-84E6-4B43-A63D-DA59D2B781E4}.Release|Any CPU.ActiveCfg = Release|Any CPU
		{D9182906-84E6-4B43-A63D-DA59D2B781E4}.Release|Any CPU.Build.0 = Release|Any CPU
	EndGlobalSection
	GlobalSection(SolutionProperties) = preSolution
		HideSolutionNode = FALSE
	EndGlobalSection
EndGlobal
